
Microsoft Visual Studio Solution File, Format Version 12.00
# Visual Studio Version 17
VisualStudioVersion = 17.2.32616.157
MinimumVisualStudioVersion = 10.0.40219.1
Project("{FAE04EC0-301F-11D3-BF4B-00C04F79EFBC}") = "FirstXamFormApp.Android", "FirstXamFormApp.Android\FirstXamFormApp.Android.csproj", "{1F1BBDB7-6D33-4139-B656-15D66E708034}"
EndProject
Project("{FAE04EC0-301F-11D3-BF4B-00C04F79EFBC}") = "FirstXamFormApp.iOS", "FirstXamFormApp.iOS\FirstXamFormApp.iOS.csproj", "{9D8C131D-8D82-48A6-90D3-4EC915189A92}"
EndProject
Project("{9A19103F-16F7-4668-BE54-9A1E7A4F7556}") = "FirstXamFormApp", "FirstXamFormApp\FirstXamFormApp.csproj", "{D3DC8BC9-9C60-4317-A554-4F85D7FC3471}"
EndProject
Global
	GlobalSection(SolutionConfigurationPlatforms) = preSolution
		Debug|Any CPU = Debug|Any CPU
		Debug|iPhone = Debug|iPhone
		Debug|iPhoneSimulator = Debug|iPhoneSimulator
		Release|Any CPU = Release|Any CPU
		Release|iPhone = Release|iPhone
		Release|iPhoneSimulator = Release|iPhoneSimulator
	EndGlobalSection
	GlobalSection(ProjectConfigurationPlatforms) = postSolution
		{1F1BBDB7-6D33-4139-B656-15D66E708034}.Debug|Any CPU.ActiveCfg = Debug|Any CPU
		{1F1BBDB7-6D33-4139-B656-15D66E708034}.Debug|Any CPU.Build.0 = Debug|Any CPU
		{1F1BBDB7-6D33-4139-B656-15D66E708034}.Debug|Any CPU.Deploy.0 = Debug|Any CPU
		{1F1BBDB7-6D33-4139-B656-15D66E708034}.Debug|iPhone.ActiveCfg = Debug|Any CPU
		{1F1BBDB7-6D33-4139-B656-15D66E708034}.Debug|iPhone.Build.0 = Debug|Any CPU
		{1F1BBDB7-6D33-4139-B656-15D66E708034}.Debug|iPhone.Deploy.0 = Debug|Any CPU
		{1F1BBDB7-6D33-4139-B656-15D66E708034}.Debug|iPhoneSimulator.ActiveCfg = Debug|Any CPU
		{1F1BBDB7-6D33-4139-B656-15D66E708034}.Debug|iPhoneSimulator.Build.0 = Debug|Any CPU
		{1F1BBDB7-6D33-4139-B656-15D66E708034}.Debug|iPhoneSimulator.Deploy.0 = Debug|Any CPU
		{1F1BBDB7-6D33-4139-B656-15D66E708034}.Release|Any CPU.ActiveCfg = Release|Any CPU
		{1F1BBDB7-6D33-4139-B656-15D66E708034}.Release|Any CPU.Build.0 = Release|Any CPU
		{1F1BBDB7-6D33-4139-B656-15D66E708034}.Release|Any CPU.Deploy.0 = Release|Any CPU
		{1F1BBDB7-6D33-4139-B656-15D66E708034}.Release|iPhone.ActiveCfg = Release|Any CPU
		{1F1BBDB7-6D33-4139-B656-15D66E708034}.Release|iPhone.Build.0 = Release|Any CPU
		{1F1BBDB7-6D33-4139-B656-15D66E708034}.Release|iPhone.Deploy.0 = Release|Any CPU
		{1F1BBDB7-6D33-4139-B656-15D66E708034}.Release|iPhoneSimulator.ActiveCfg = Release|Any CPU
		{1F1BBDB7-6D33-4139-B656-15D66E708034}.Release|iPhoneSimulator.Build.0 = Release|Any CPU
		{1F1BBDB7-6D33-4139-B656-15D66E708034}.Release|iPhoneSimulator.Deploy.0 = Release|Any CPU
		{9D8C131D-8D82-48A6-90D3-4EC915189A92}.Debug|Any CPU.ActiveCfg = Debug|iPhone
		{9D8C131D-8D82-48A6-90D3-4EC915189A92}.Debug|Any CPU.Build.0 = Debug|iPhone
		{9D8C131D-8D82-48A6-90D3-4EC915189A92}.Debug|Any CPU.Deploy.0 = Debug|iPhone
		{9D8C131D-8D82-48A6-90D3-4EC915189A92}.Debug|iPhone.ActiveCfg = Debug|iPhone
		{9D8C131D-8D82-48A6-90D3-4EC915189A92}.Debug|iPhone.Build.0 = Debug|iPhone
		{9D8C131D-8D82-48A6-90D3-4EC915189A92}.Debug|iPhone.Deploy.0 = Debug|iPhone
		{9D8C131D-8D82-48A6-90D3-4EC915189A92}.Debug|iPhoneSimulator.ActiveCfg = Debug|iPhoneSimulator
		{9D8C131D-8D82-48A6-90D3-4EC915189A92}.Debug|iPhoneSimulator.Build.0 = Debug|iPhoneSimulator
		{9D8C131D-8D82-48A6-90D3-4EC915189A92}.Debug|iPhoneSimulator.Deploy.0 = Debug|iPhoneSimulator
		{9D8C131D-8D82-48A6-90D3-4EC915189A92}.Release|Any CPU.ActiveCfg = Release|iPhoneSimulator
		{9D8C131D-8D82-48A6-90D3-4EC915189A92}.Release|Any CPU.Build.0 = Release|iPhoneSimulator
		{9D8C131D-8D82-48A6-90D3-4EC915189A92}.Release|Any CPU.Deploy.0 = Release|iPhoneSimulator
		{9D8C131D-8D82-48A6-90D3-4EC915189A92}.Release|iPhone.ActiveCfg = Release|iPhone
		{9D8C131D-8D82-48A6-90D3-4EC915189A92}.Release|iPhone.Build.0 = Release|iPhone
		{9D8C131D-8D82-48A6-90D3-4EC915189A92}.Release|iPhone.Deploy.0 = Release|iPhone
		{9D8C131D-8D82-48A6-90D3-4EC915189A92}.Release|iPhoneSimulator.ActiveCfg = Release|iPhoneSimulator
		{9D8C131D-8D82-48A6-90D3-4EC915189A92}.Release|iPhoneSimulator.Build.0 = Release|iPhoneSimulator
		{9D8C131D-8D82-48A6-90D3-4EC915189A92}.Release|iPhoneSimulator.Deploy.0 = Release|iPhoneSimulator
		{D3DC8BC9-9C60-4317-A554-4F85D7FC3471}.Debug|Any CPU.ActiveCfg = Debug|Any CPU
		{D3DC8BC9-9C60-4317-A554-4F85D7FC3471}.Debug|Any CPU.Build.0 = Debug|Any CPU
		{D3DC8BC9-9C60-4317-A554-4F85D7FC3471}.Debug|Any CPU.Deploy.0 = Debug|Any CPU
		{D3DC8BC9-9C60-4317-A554-4F85D7FC3471}.Debug|iPhone.ActiveCfg = Debug|Any CPU
		{D3DC8BC9-9C60-4317-A554-4F85D7FC3471}.Debug|iPhone.Build.0 = Debug|Any CPU
		{D3DC8BC9-9C60-4317-A554-4F85D7FC3471}.Debug|iPhone.Deploy.0 = Debug|Any CPU
		{D3DC8BC9-9C60-4317-A554-4F85D7FC3471}.Debug|iPhoneSimulator.ActiveCfg = Debug|Any CPU
		{D3DC8BC9-9C60-4317-A554-4F85D7FC3471}.Debug|iPhoneSimulator.Build.0 = Debug|Any CPU
		{D3DC8BC9-9C60-4317-A554-4F85D7FC3471}.Debug|iPhoneSimulator.Deploy.0 = Debug|Any CPU
		{D3DC8BC9-9C60-4317-A554-4F85D7FC3471}.Release|Any CPU.ActiveCfg = Release|Any CPU
		{D3DC8BC9-9C60-4317-A554-4F85D7FC3471}.Release|Any CPU.Build.0 = Release|Any CPU
		{D3DC8BC9-9C60-4317-A554-4F85D7FC3471}.Release|Any CPU.Deploy.0 = Release|Any CPU
		{D3DC8BC9-9C60-4317-A554-4F85D7FC3471}.Release|iPhone.ActiveCfg = Release|Any CPU
		{D3DC8BC9-9C60-4317-A554-4F85D7FC3471}.Release|iPhone.Build.0 = Release|Any CPU
		{D3DC8BC9-9C60-4317-A554-4F85D7FC3471}.Release|iPhone.Deploy.0 = Release|Any CPU
		{D3DC8BC9-9C60-4317-A554-4F85D7FC3471}.Release|iPhoneSimulator.ActiveCfg = Release|Any CPU
		{D3DC8BC9-9C60-4317-A554-4F85D7FC3471}.Release|iPhoneSimulator.Build.0 = Release|Any CPU
		{D3DC8BC9-9C60-4317-A554-4F85D7FC3471}.Release|iPhoneSimulator.Deploy.0 = Release|Any CPU
	EndGlobalSection
	GlobalSection(SolutionProperties) = preSolution
		HideSolutionNode = FALSE
	EndGlobalSection
	GlobalSection(ExtensibilityGlobals) = postSolution
		SolutionGuid = {BCC185FC-C0A3-4535-BDB4-3B05D3C9000C}
	EndGlobalSection
EndGlobal
